// !$*UTF8*$!
{
	archiveVersion = 1;
	classes = {
	};
	objectVersion = 50;
	objects = {

/* Begin PBXBuildFile section */
		42546A99251CB97F00BD93FB /* AppDelegate.swift in Sources */ = {isa = PBXBuildFile; fileRef = 42546A98251CB97F00BD93FB /* AppDelegate.swift */; };
		42546A9B251CB97F00BD93FB /* SceneDelegate.swift in Sources */ = {isa = PBXBuildFile; fileRef = 42546A9A251CB97F00BD93FB /* SceneDelegate.swift */; };
		42546A9D251CB97F00BD93FB /* ViewController.swift in Sources */ = {isa = PBXBuildFile; fileRef = 42546A9C251CB97F00BD93FB /* ViewController.swift */; };
		42546AA0251CB97F00BD93FB /* Main.storyboard in Resources */ = {isa = PBXBuildFile; fileRef = 42546A9E251CB97F00BD93FB /* Main.storyboard */; };
		42546AA2251CB98100BD93FB /* Assets.xcassets in Resources */ = {isa = PBXBuildFile; fileRef = 42546AA1251CB98100BD93FB /* Assets.xcassets */; };
		42546AA5251CB98100BD93FB /* LaunchScreen.storyboard in Resources */ = {isa = PBXBuildFile; fileRef = 42546AA3251CB98100BD93FB /* LaunchScreen.storyboard */; };
		42546AB0251CB98100BD93FB /* TestDemoTests.swift in Sources */ = {isa = PBXBuildFile; fileRef = 42546AAF251CB98100BD93FB /* TestDemoTests.swift */; };
		42546ABB251CB98200BD93FB /* TestDemoUITests.swift in Sources */ = {isa = PBXBuildFile; fileRef = 42546ABA251CB98200BD93FB /* TestDemoUITests.swift */; };
/* End PBXBuildFile section */

/* Begin PBXContainerItemProxy section */
		42546AAC251CB98100BD93FB /* PBXContainerItemProxy */ = {
			isa = PBXContainerItemProxy;
			containerPortal = 42546A8D251CB97F00BD93FB /* Project object */;
			proxyType = 1;
			remoteGlobalIDString = 42546A94251CB97F00BD93FB;
			remoteInfo = TestDemo;
		};
		42546AB7251CB98200BD93FB /* PBXContainerItemProxy */ = {
			isa = PBXContainerItemProxy;
			containerPortal = 42546A8D251CB97F00BD93FB /* Project object */;
			proxyType = 1;
			remoteGlobalIDString = 42546A94251CB97F00BD93FB;
			remoteInfo = TestDemo;
		};
/* End PBXContainerItemProxy section */

/* Begin PBXFileReference section */
		42546A95251CB97F00BD93FB /* TestDemo.app */ = {isa = PBXFileReference; explicitFileType = wrapper.application; includeInIndex = 0; path = TestDemo.app; sourceTree = BUILT_PRODUCTS_DIR; };
		42546A98251CB97F00BD93FB /* AppDelegate.swift */ = {isa = PBXFileReference; lastKnownFileType = sourcecode.swift; path = AppDelegate.swift; sourceTree = "<group>"; };
		42546A9A251CB97F00BD93FB /* SceneDelegate.swift */ = {isa = PBXFileReference; lastKnownFileType = sourcecode.swift; path = SceneDelegate.swift; sourceTree = "<group>"; };
		42546A9C251CB97F00BD93FB /* ViewController.swift */ = {isa = PBXFileReference; lastKnownFileType = sourcecode.swift; path = ViewController.swift; sourceTree = "<group>"; };
		42546A9F251CB97F00BD93FB /* Base */ = {isa = PBXFileReference; lastKnownFileType = file.storyboard; name = Base; path = Base.lproj/Main.storyboard; sourceTree = "<group>"; };
		42546AA1251CB98100BD93FB /* Assets.xcassets */ = {isa = PBXFileReference; lastKnownFileType = folder.assetcatalog; path = Assets.xcassets; sourceTree = "<group>"; };
		42546AA4251CB98100BD93FB /* Base */ = {isa = PBXFileReference; lastKnownFileType = file.storyboard; name = Base; path = Base.lproj/LaunchScreen.storyboard; sourceTree = "<group>"; };
		42546AA6251CB98100BD93FB /* Info.plist */ = {isa = PBXFileReference; lastKnownFileType = text.plist.xml; path = Info.plist; sourceTree = "<group>"; };
		42546AAB251CB98100BD93FB /* TestDemoTests.xctest */ = {isa = PBXFileReference; explicitFileType = wrapper.cfbundle; includeInIndex = 0; path = TestDemoTests.xctest; sourceTree = BUILT_PRODUCTS_DIR; };
		42546AAF251CB98100BD93FB /* TestDemoTests.swift */ = {isa = PBXFileReference; lastKnownFileType = sourcecode.swift; path = TestDemoTests.swift; sourceTree = "<group>"; };
		42546AB1251CB98100BD93FB /* Info.plist */ = {isa = PBXFileReference; lastKnownFileType = text.plist.xml; path = Info.plist; sourceTree = "<group>"; };
		42546AB6251CB98200BD93FB /* TestDemoUITests.xctest */ = {isa = PBXFileReference; explicitFileType = wrapper.cfbundle; includeInIndex = 0; path = TestDemoUITests.xctest; sourceTree = BUILT_PRODUCTS_DIR; };
		42546ABA251CB98200BD93FB /* TestDemoUITests.swift */ = {isa = PBXFileReference; lastKnownFileType = sourcecode.swift; path = TestDemoUITests.swift; sourceTree = "<group>"; };
		42546ABC251CB98200BD93FB /* Info.plist */ = {isa = PBXFileReference; lastKnownFileType = text.plist.xml; path = Info.plist; sourceTree = "<group>"; };
/* End PBXFileReference section */

/* Begin PBXFrameworksBuildPhase section */
		42546A92251CB97F00BD93FB /* Frameworks */ = {
			isa = PBXFrameworksBuildPhase;
			buildActionMask = 2147483647;
			files = (
			);
			runOnlyForDeploymentPostprocessing = 0;
		};
		42546AA8251CB98100BD93FB /* Frameworks */ = {
			isa = PBXFrameworksBuildPhase;
			buildActionMask = 2147483647;
			files = (
			);
			runOnlyForDeploymentPostprocessing = 0;
		};
		42546AB3251CB98200BD93FB /* Frameworks */ = {
			isa = PBXFrameworksBuildPhase;
			buildActionMask = 2147483647;
			files = (
			);
			runOnlyForDeploymentPostprocessing = 0;
		};
/* End PBXFrameworksBuildPhase section */

/* Begin PBXGroup section */
		42546A8C251CB97F00BD93FB = {
			isa = PBXGroup;
			children = (
				42546A97251CB97F00BD93FB /* TestDemo */,
				42546AAE251CB98100BD93FB /* TestDemoTests */,
				42546AB9251CB98200BD93FB /* TestDemoUITests */,
				42546A96251CB97F00BD93FB /* Products */,
			);
			sourceTree = "<group>";
		};
		42546A96251CB97F00BD93FB /* Products */ = {
			isa = PBXGroup;
			children = (
				42546A95251CB97F00BD93FB /* TestDemo.app */,
				42546AAB251CB98100BD93FB /* TestDemoTests.xctest */,
				42546AB6251CB98200BD93FB /* TestDemoUITests.xctest */,
			);
			name = Products;
			sourceTree = "<group>";
		};
		42546A97251CB97F00BD93FB /* TestDemo */ = {
			isa = PBXGroup;
			children = (
				42546A98251CB97F00BD93FB /* AppDelegate.swift */,
				42546A9A251CB97F00BD93FB /* SceneDelegate.swift */,
				42546A9C251CB97F00BD93FB /* ViewController.swift */,
				42546A9E251CB97F00BD93FB /* Main.storyboard */,
				42546AA1251CB98100BD93FB /* Assets.xcassets */,
				42546AA3251CB98100BD93FB /* LaunchScreen.storyboard */,
				42546AA6251CB98100BD93FB /* Info.plist */,
			);
			path = TestDemo;
			sourceTree = "<group>";
		};
		42546AAE251CB98100BD93FB /* TestDemoTests */ = {
			isa = PBXGroup;
			children = (
				42546AAF251CB98100BD93FB /* TestDemoTests.swift */,
				42546AB1251CB98100BD93FB /* Info.plist */,
			);
			path = TestDemoTests;
			sourceTree = "<group>";
		};
		42546AB9251CB98200BD93FB /* TestDemoUITests */ = {
			isa = PBXGroup;
			children = (
				42546ABA251CB98200BD93FB /* TestDemoUITests.swift */,
				42546ABC251CB98200BD93FB /* Info.plist */,
			);
			path = TestDemoUITests;
			sourceTree = "<group>";
		};
/* End PBXGroup section */

/* Begin PBXNativeTarget section */
		42546A94251CB97F00BD93FB /* TestDemo */ = {
			isa = PBXNativeTarget;
			buildConfigurationList = 42546ABF251CB98200BD93FB /* Build configuration list for PBXNativeTarget "TestDemo" */;
			buildPhases = (
				42546A91251CB97F00BD93FB /* Sources */,
				42546A92251CB97F00BD93FB /* Frameworks */,
				42546A93251CB97F00BD93FB /* Resources */,
			);
			buildRules = (
			);
			dependencies = (
			);
			name = TestDemo;
			productName = TestDemo;
			productReference = 42546A95251CB97F00BD93FB /* TestDemo.app */;
			productType = "com.apple.product-type.application";
		};
		42546AAA251CB98100BD93FB /* TestDemoTests */ = {
			isa = PBXNativeTarget;
			buildConfigurationList = 42546AC2251CB98200BD93FB /* Build configuration list for PBXNativeTarget "TestDemoTests" */;
			buildPhases = (
				42546AA7251CB98100BD93FB /* Sources */,
				42546AA8251CB98100BD93FB /* Frameworks */,
				42546AA9251CB98100BD93FB /* Resources */,
			);
			buildRules = (
			);
			dependencies = (
				42546AAD251CB98100BD93FB /* PBXTargetDependency */,
			);
			name = TestDemoTests;
			productName = TestDemoTests;
			productReference = 42546AAB251CB98100BD93FB /* TestDemoTests.xctest */;
			productType = "com.apple.product-type.bundle.unit-test";
		};
		42546AB5251CB98200BD93FB /* TestDemoUITests */ = {
			isa = PBXNativeTarget;
			buildConfigurationList = 42546AC5251CB98200BD93FB /* Build configuration list for PBXNativeTarget "TestDemoUITests" */;
			buildPhases = (
				42546AB2251CB98200BD93FB /* Sources */,
				42546AB3251CB98200BD93FB /* Frameworks */,
				42546AB4251CB98200BD93FB /* Resources */,
			);
			buildRules = (
			);
			dependencies = (
				42546AB8251CB98200BD93FB /* PBXTargetDependency */,
			);
			name = TestDemoUITests;
			productName = TestDemoUITests;
			productReference = 42546AB6251CB98200BD93FB /* TestDemoUITests.xctest */;
			productType = "com.apple.product-type.bundle.ui-testing";
		};
/* End PBXNativeTarget section */

/* Begin PBXProject section */
		42546A8D251CB97F00BD93FB /* Project object */ = {
			isa = PBXProject;
			attributes = {
				LastSwiftUpdateCheck = 1200;
				LastUpgradeCheck = 1200;
				TargetAttributes = {
					42546A94251CB97F00BD93FB = {
						CreatedOnToolsVersion = 12.0;
					};
					42546AAA251CB98100BD93FB = {
						CreatedOnToolsVersion = 12.0;
						TestTargetID = 42546A94251CB97F00BD93FB;
					};
					42546AB5251CB98200BD93FB = {
						CreatedOnToolsVersion = 12.0;
						TestTargetID = 42546A94251CB97F00BD93FB;
					};
				};
			};
			buildConfigurationList = 42546A90251CB97F00BD93FB /* Build configuration list for PBXProject "TestDemo" */;
			compatibilityVersion = "Xcode 9.3";
			developmentRegion = en;
			hasScannedForEncodings = 0;
			knownRegions = (
				en,
				Base,
			);
			mainGroup = 42546A8C251CB97F00BD93FB;
			productRefGroup = 42546A96251CB97F00BD93FB /* Products */;
			projectDirPath = "";
			projectRoot = "";
			targets = (
				42546A94251CB97F00BD93FB /* TestDemo */,
				42546AAA251CB98100BD93FB /* TestDemoTests */,
				42546AB5251CB98200BD93FB /* TestDemoUITests */,
			);
		};
/* End PBXProject section */

/* Begin PBXResourcesBuildPhase section */
		42546A93251CB97F00BD93FB /* Resources */ = {
			isa = PBXResourcesBuildPhase;
			buildActionMask = 2147483647;
			files = (
				42546AA5251CB98100BD93FB /* LaunchScreen.storyboard in Resources */,
				42546AA2251CB98100BD93FB /* Assets.xcassets in Resources */,
				42546AA0251CB97F00BD93FB /* Main.storyboard in Resources */,
			);
			runOnlyForDeploymentPostprocessing = 0;
		};
		42546AA9251CB98100BD93FB /* Resources */ = {
			isa = PBXResourcesBuildPhase;
			buildActionMask = 2147483647;
			files = (
			);
			runOnlyForDeploymentPostprocessing = 0;
		};
		42546AB4251CB98200BD93FB /* Resources */ = {
			isa = PBXResourcesBuildPhase;
			buildActionMask = 2147483647;
			files = (
			);
			runOnlyForDeploymentPostprocessing = 0;
		};
/* End PBXResourcesBuildPhase section */

/* Begin PBXSourcesBuildPhase section */
		42546A91251CB97F00BD93FB /* Sources */ = {
			isa = PBXSourcesBuildPhase;
			buildActionMask = 2147483647;
			files = (
				42546A9D251CB97F00BD93FB /* ViewController.swift in Sources */,
				42546A99251CB97F00BD93FB /* AppDelegate.swift in Sources */,
				42546A9B251CB97F00BD93FB /* SceneDelegate.swift in Sources */,
			);
			runOnlyForDeploymentPostprocessing = 0;
		};
		42546AA7251CB98100BD93FB /* Sources */ = {
			isa = PBXSourcesBuildPhase;
			buildActionMask = 2147483647;
			files = (
				42546AB0251CB98100BD93FB /* TestDemoTests.swift in Sources */,
			);
			runOnlyForDeploymentPostprocessing = 0;
		};
		42546AB2251CB98200BD93FB /* Sources */ = {
			isa = PBXSourcesBuildPhase;
			buildActionMask = 2147483647;
			files = (
				42546ABB251CB98200BD93FB /* TestDemoUITests.swift in Sources */,
			);
			runOnlyForDeploymentPostprocessing = 0;
		};
/* End PBXSourcesBuildPhase section */

/* Begin PBXTargetDependency section */
		42546AAD251CB98100BD93FB /* PBXTargetDependency */ = {
			isa = PBXTargetDependency;
			target = 42546A94251CB97F00BD93FB /* TestDemo */;
			targetProxy = 42546AAC251CB98100BD93FB /* PBXContainerItemProxy */;
		};
		42546AB8251CB98200BD93FB /* PBXTargetDependency */ = {
			isa = PBXTargetDependency;
			target = 42546A94251CB97F00BD93FB /* TestDemo */;
			targetProxy = 42546AB7251CB98200BD93FB /* PBXContainerItemProxy */;
		};
/* End PBXTargetDependency section */

/* Begin PBXVariantGroup section */
		42546A9E251CB97F00BD93FB /* Main.storyboard */ = {
			isa = PBXVariantGroup;
			children = (
				42546A9F251CB97F00BD93FB /* Base */,
			);
			name = Main.storyboard;
			sourceTree = "<group>";
		};
		42546AA3251CB98100BD93FB /* LaunchScreen.storyboard */ = {
			isa = PBXVariantGroup;
			children = (
				42546AA4251CB98100BD93FB /* Base */,
			);
			name = LaunchScreen.storyboard;
			sourceTree = "<group>";
		};
/* End PBXVariantGroup section */

/* Begin XCBuildConfiguration section */
		42546ABD251CB98200BD93FB /* Debug */ = {
			isa = XCBuildConfiguration;
			buildSettings = {
				ALWAYS_SEARCH_USER_PATHS = NO;
				CLANG_ANALYZER_NONNULL = YES;
				CLANG_ANALYZER_NUMBER_OBJECT_CONVERSION = YES_AGGRESSIVE;
				CLANG_CXX_LANGUAGE_STANDARD = "gnu++14";
				CLANG_CXX_LIBRARY = "libc++";
				CLANG_ENABLE_MODULES = YES;
				CLANG_ENABLE_OBJC_ARC = YES;
				CLANG_ENABLE_OBJC_WEAK = YES;
				CLANG_WARN_BLOCK_CAPTURE_AUTORELEASING = YES;
				CLANG_WARN_BOOL_CONVERSION = YES;
				CLANG_WARN_COMMA = YES;
				CLANG_WARN_CONSTANT_CONVERSION = YES;
				CLANG_WARN_DEPRECATED_OBJC_IMPLEMENTATIONS = YES;
				CLANG_WARN_DIRECT_OBJC_ISA_USAGE = YES_ERROR;
				CLANG_WARN_DOCUMENTATION_COMMENTS = YES;
				CLANG_WARN_EMPTY_BODY = YES;
				CLANG_WARN_ENUM_CONVERSION = YES;
				CLANG_WARN_INFINITE_RECURSION = YES;
				CLANG_WARN_INT_CONVERSION = YES;
				CLANG_WARN_NON_LITERAL_NULL_CONVERSION = YES;
				CLANG_WARN_OBJC_IMPLICIT_RETAIN_SELF = YES;
				CLANG_WARN_OBJC_LITERAL_CONVERSION = YES;
				CLANG_WARN_OBJC_ROOT_CLASS = YES_ERROR;
				CLANG_WARN_QUOTED_INCLUDE_IN_FRAMEWORK_HEADER = YES;
				CLANG_WARN_RANGE_LOOP_ANALYSIS = YES;
				CLANG_WARN_STRICT_PROTOTYPES = YES;
				CLANG_WARN_SUSPICIOUS_MOVE = YES;
				CLANG_WARN_UNGUARDED_AVAILABILITY = YES_AGGRESSIVE;
				CLANG_WARN_UNREACHABLE_CODE = YES;
				CLANG_WARN__DUPLICATE_METHOD_MATCH = YES;
				COPY_PHASE_STRIP = NO;
				DEBUG_INFORMATION_FORMAT = dwarf;
				ENABLE_STRICT_OBJC_MSGSEND = YES;
				ENABLE_TESTABILITY = YES;
				GCC_C_LANGUAGE_STANDARD = gnu11;
				GCC_DYNAMIC_NO_PIC = NO;
				GCC_NO_COMMON_BLOCKS = YES;
				GCC_OPTIMIZATION_LEVEL = 0;
				GCC_PREPROCESSOR_DEFINITIONS = (
					"DEBUG=1",
					"$(inherited)",
				);
				GCC_WARN_64_TO_32_BIT_CONVERSION = YES;
				GCC_WARN_ABOUT_RETURN_TYPE = YES_ERROR;
				GCC_WARN_UNDECLARED_SELECTOR = YES;
				GCC_WARN_UNINITIALIZED_AUTOS = YES_AGGRESSIVE;
				GCC_WARN_UNUSED_FUNCTION = YES;
				GCC_WARN_UNUSED_VARIABLE = YES;
				IPHONEOS_DEPLOYMENT_TARGET = 14.0;
				MTL_ENABLE_DEBUG_INFO = INCLUDE_SOURCE;
				MTL_FAST_MATH = YES;
				ONLY_ACTIVE_ARCH = YES;
				SDKROOT = iphoneos;
				SWIFT_ACTIVE_COMPILATION_CONDITIONS = DEBUG;
				SWIFT_OPTIMIZATION_LEVEL = "-Onone";
			};
			name = Debug;
		};
		42546ABE251CB98200BD93FB /* Release */ = {
			isa = XCBuildConfiguration;
			buildSettings = {
				ALWAYS_SEARCH_USER_PATHS = NO;
				CLANG_ANALYZER_NONNULL = YES;
				CLANG_ANALYZER_NUMBER_OBJECT_CONVERSION = YES_AGGRESSIVE;
				CLANG_CXX_LANGUAGE_STANDARD = "gnu++14";
				CLANG_CXX_LIBRARY = "libc++";
				CLANG_ENABLE_MODULES = YES;
				CLANG_ENABLE_OBJC_ARC = YES;
				CLANG_ENABLE_OBJC_WEAK = YES;
				CLANG_WARN_BLOCK_CAPTURE_AUTORELEASING = YES;
				CLANG_WARN_BOOL_CONVERSION = YES;
				CLANG_WARN_COMMA = YES;
				CLANG_WARN_CONSTANT_CONVERSION = YES;
				CLANG_WARN_DEPRECATED_OBJC_IMPLEMENTATIONS = YES;
				CLANG_WARN_DIRECT_OBJC_ISA_USAGE = YES_ERROR;
				CLANG_WARN_DOCUMENTATION_COMMENTS = YES;
				CLANG_WARN_EMPTY_BODY = YES;
				CLANG_WARN_ENUM_CONVERSION = YES;
				CLANG_WARN_INFINITE_RECURSION = YES;
				CLANG_WARN_INT_CONVERSION = YES;
				CLANG_WARN_NON_LITERAL_NULL_CONVERSION = YES;
				CLANG_WARN_OBJC_IMPLICIT_RETAIN_SELF = YES;
				CLANG_WARN_OBJC_LITERAL_CONVERSION = YES;
				CLANG_WARN_OBJC_ROOT_CLASS = YES_ERROR;
				CLANG_WARN_QUOTED_INCLUDE_IN_FRAMEWORK_HEADER = YES;
				CLANG_WARN_RANGE_LOOP_ANALYSIS = YES;
				CLANG_WARN_STRICT_PROTOTYPES = YES;
				CLANG_WARN_SUSPICIOUS_MOVE = YES;
				CLANG_WARN_UNGUARDED_AVAILABILITY = YES_AGGRESSIVE;
				CLANG_WARN_UNREACHABLE_CODE = YES;
				CLANG_WARN__DUPLICATE_METHOD_MATCH = YES;
				COPY_PHASE_STRIP = NO;
				DEBUG_INFORMATION_FORMAT = "dwarf-with-dsym";
				ENABLE_NS_ASSERTIONS = NO;
				ENABLE_STRICT_OBJC_MSGSEND = YES;
				GCC_C_LANGUAGE_STANDARD = gnu11;
				GCC_NO_COMMON_BLOCKS = YES;
				GCC_WARN_64_TO_32_BIT_CONVERSION = YES;
				GCC_WARN_ABOUT_RETURN_TYPE = YES_ERROR;
				GCC_WARN_UNDECLARED_SELECTOR = YES;
				GCC_WARN_UNINITIALIZED_AUTOS = YES_AGGRESSIVE;
				GCC_WARN_UNUSED_FUNCTION = YES;
				GCC_WARN_UNUSED_VARIABLE = YES;
				IPHONEOS_DEPLOYMENT_TARGET = 14.0;
				MTL_ENABLE_DEBUG_INFO = NO;
				MTL_FAST_MATH = YES;
				SDKROOT = iphoneos;
				SWIFT_COMPILATION_MODE = wholemodule;
				SWIFT_OPTIMIZATION_LEVEL = "-O";
				VALIDATE_PRODUCT = YES;
			};
			name = Release;
		};
		42546AC0251CB98200BD93FB /* Debug */ = {
			isa = XCBuildConfiguration;
			buildSettings = {
				ASSETCATALOG_COMPILER_APPICON_NAME = AppIcon;
				ASSETCATALOG_COMPILER_GLOBAL_ACCENT_COLOR_NAME = AccentColor;
				CODE_SIGN_STYLE = Automatic;
				DEVELOPMENT_TEAM = REPF9RB9YJ;
				INFOPLIST_FILE = TestDemo/Info.plist;
				LD_RUNPATH_SEARCH_PATHS = (
					"$(inherited)",
					"@executable_path/Frameworks",
				);
				PRODUCT_BUNDLE_IDENTIFIER = com.maxsmak.testDemo.TestDemo;
				PRODUCT_NAME = "$(TARGET_NAME)";
				SWIFT_VERSION = 5.0;
				TARGETED_DEVICE_FAMILY = "1,2";
			};
			name = Debug;
		};
		42546AC1251CB98200BD93FB /* Release */ = {
			isa = XCBuildConfiguration;
			buildSettings = {
				ASSETCATALOG_COMPILER_APPICON_NAME = AppIcon;
				ASSETCATALOG_COMPILER_GLOBAL_ACCENT_COLOR_NAME = AccentColor;
				CODE_SIGN_STYLE = Automatic;
				DEVELOPMENT_TEAM = REPF9RB9YJ;
				INFOPLIST_FILE = TestDemo/Info.plist;
				LD_RUNPATH_SEARCH_PATHS = (
					"$(inherited)",
					"@executable_path/Frameworks",
				);
				PRODUCT_BUNDLE_IDENTIFIER = com.maxsmak.testDemo.TestDemo;
				PRODUCT_NAME = "$(TARGET_NAME)";
				SWIFT_VERSION = 5.0;
				TARGETED_DEVICE_FAMILY = "1,2";
			};
			name = Release;
		};
		42546AC3251CB98200BD93FB /* Debug */ = {
			isa = XCBuildConfiguration;
			buildSettings = {
				ALWAYS_EMBED_SWIFT_STANDARD_LIBRARIES = YES;
				BUNDLE_LOADER = "$(TEST_HOST)";
				CODE_SIGN_STYLE = Automatic;
				DEVELOPMENT_TEAM = REPF9RB9YJ;
				INFOPLIST_FILE = TestDemoTests/Info.plist;
				IPHONEOS_DEPLOYMENT_TARGET = 14.0;
				LD_RUNPATH_SEARCH_PATHS = (
					"$(inherited)",
					"@executable_path/Frameworks",
					"@loader_path/Frameworks",
				);
				PRODUCT_BUNDLE_IDENTIFIER = com.maxsmak.testDemo.TestDemoTests;
				PRODUCT_NAME = "$(TARGET_NAME)";
				SWIFT_VERSION = 5.0;
				TARGETED_DEVICE_FAMILY = "1,2";
				TEST_HOST = "$(BUILT_PRODUCTS_DIR)/TestDemo.app/TestDemo";
			};
			name = Debug;
		};
		42546AC4251CB98200BD93FB /* Release */ = {
			isa = XCBuildConfiguration;
			buildSettings = {
				ALWAYS_EMBED_SWIFT_STANDARD_LIBRARIES = YES;
				BUNDLE_LOADER = "$(TEST_HOST)";
				CODE_SIGN_STYLE = Automatic;
				DEVELOPMENT_TEAM = REPF9RB9YJ;
				INFOPLIST_FILE = TestDemoTests/Info.plist;
				IPHONEOS_DEPLOYMENT_TARGET = 14.0;
				LD_RUNPATH_SEARCH_PATHS = (
					"$(inherited)",
					"@executable_path/Frameworks",
					"@loader_path/Frameworks",
				);
				PRODUCT_BUNDLE_IDENTIFIER = com.maxsmak.testDemo.TestDemoTests;
				PRODUCT_NAME = "$(TARGET_NAME)";
				SWIFT_VERSION = 5.0;
				TARGETED_DEVICE_FAMILY = "1,2";
				TEST_HOST = "$(BUILT_PRODUCTS_DIR)/TestDemo.app/TestDemo";
			};
			name = Release;
		};
		42546AC6251CB98200BD93FB /* Debug */ = {
			isa = XCBuildConfiguration;
			buildSettings = {
				ALWAYS_EMBED_SWIFT_STANDARD_LIBRARIES = YES;
				CODE_SIGN_STYLE = Automatic;
				DEVELOPMENT_TEAM = REPF9RB9YJ;
				INFOPLIST_FILE = TestDemoUITests/Info.plist;
				LD_RUNPATH_SEARCH_PATHS = (
					"$(inherited)",
					"@executable_path/Frameworks",
					"@loader_path/Frameworks",
				);
				PRODUCT_BUNDLE_IDENTIFIER = com.maxsmak.testDemo.TestDemoUITests;
				PRODUCT_NAME = "$(TARGET_NAME)";
				SWIFT_VERSION = 5.0;
				TARGETED_DEVICE_FAMILY = "1,2";
				TEST_TARGET_NAME = TestDemo;
			};
			name = Debug;
		};
		42546AC7251CB98200BD93FB /* Release */ = {
			isa = XCBuildConfiguration;
			buildSettings = {
				ALWAYS_EMBED_SWIFT_STANDARD_LIBRARIES = YES;
				CODE_SIGN_STYLE = Automatic;
				DEVELOPMENT_TEAM = REPF9RB9YJ;
				INFOPLIST_FILE = TestDemoUITests/Info.plist;
				LD_RUNPATH_SEARCH_PATHS = (
					"$(inherited)",
					"@executable_path/Frameworks",
					"@loader_path/Frameworks",
				);
				PRODUCT_BUNDLE_IDENTIFIER = com.maxsmak.testDemo.TestDemoUITests;
				PRODUCT_NAME = "$(TARGET_NAME)";
				SWIFT_VERSION = 5.0;
				TARGETED_DEVICE_FAMILY = "1,2";
				TEST_TARGET_NAME = TestDemo;
			};
			name = Release;
		};
/* End XCBuildConfiguration section */

/* Begin XCConfigurationList section */
		42546A90251CB97F00BD93FB /* Build configuration list for PBXProject "TestDemo" */ = {
			isa = XCConfigurationList;
			buildConfigurations = (
				42546ABD251CB98200BD93FB /* Debug */,
				42546ABE251CB98200BD93FB /* Release */,
			);
			defaultConfigurationIsVisible = 0;
			defaultConfigurationName = Release;
		};
		42546ABF251CB98200BD93FB /* Build configuration list for PBXNativeTarget "TestDemo" */ = {
			isa = XCConfigurationList;
			buildConfigurations = (
				42546AC0251CB98200BD93FB /* Debug */,
				42546AC1251CB98200BD93FB /* Release */,
			);
			defaultConfigurationIsVisible = 0;
			defaultConfigurationName = Release;
		};
		42546AC2251CB98200BD93FB /* Build configuration list for PBXNativeTarget "TestDemoTests" */ = {
			isa = XCConfigurationList;
			buildConfigurations = (
				42546AC3251CB98200BD93FB /* Debug */,
				42546AC4251CB98200BD93FB /* Release */,
			);
			defaultConfigurationIsVisible = 0;
			defaultConfigurationName = Release;
		};
		42546AC5251CB98200BD93FB /* Build configuration list for PBXNativeTarget "TestDemoUITests" */ = {
			isa = XCConfigurationList;
			buildConfigurations = (
				42546AC6251CB98200BD93FB /* Debug */,
				42546AC7251CB98200BD93FB /* Release */,
			);
			defaultConfigurationIsVisible = 0;
			defaultConfigurationName = Release;
		};
/* End XCConfigurationList section */
	};
	rootObject = 42546A8D251CB97F00BD93FB /* Project object */;
}
